{
  "name": "esday-demo-node",
  "version": "0.5.0",
  "lockfileVersion": 3,
  "requires": true,
  "packages": {
    "": {
      "name": "esday-demo-node",
      "version": "0.5.0",
      "license": "MIT",
      "dependencies": {
        "esday": "^0.5.0"
      }
    },
    "node_modules/esday": {
      "version": "0.5.0",
      "resolved": "https://registry.npmjs.org/esday/-/esday-0.5.0.tgz",
      "integrity": "sha512-AS7X4+g48pnooAbe+GooAKf2rh5Z2XWQ7JoqewkgVNNfJmlOS2R7Nwd5335sIbXVLobXwKZAbEV51PttMEElBQ==",
      "license": "MIT"
    }
  }
}
