{
  "name": "esday-demo-node",
  "version": "0.6.3",
  "lockfileVersion": 3,
  "requires": true,
  "packages": {
    "": {
      "name": "esday-demo-node",
      "version": "0.6.3",
      "license": "MIT",
      "dependencies": {
        "esday": "^0.6.3"
      }
    },
    "node_modules/esday": {
      "version": "0.6.3",
      "resolved": "https://registry.npmjs.org/esday/-/esday-0.6.3.tgz",
      "integrity": "sha512-6DvjZOERkACU6MXgUcd7Cpjvbb3wT4R8vEq+w/d9PdFHI/vK31XR2abYWYBq/MusDxh4ZGVB6viM/XeBB0ihkw==",
      "license": "MIT"
    }
  }
}